// !$*UTF8*$!
{
	archiveVersion = 1;
	classes = {
	};
	objectVersion = 50;
	objects = {

/* Begin PBXBuildFile section */
		47448BEB25DD7B0800352E53 /* DetailContactViewController.swift in Sources */ = {isa = PBXBuildFile; fileRef = 47448BEA25DD7B0800352E53 /* DetailContactViewController.swift */; };
		47448BEF25DDAB7700352E53 /* ContactsGroupeTableViewController.swift in Sources */ = {isa = PBXBuildFile; fileRef = 47448BEE25DDAB7700352E53 /* ContactsGroupeTableViewController.swift */; };
		47448BF225DDB3D700352E53 /* TabBarViewController.swift in Sources */ = {isa = PBXBuildFile; fileRef = 47448BF125DDB3D700352E53 /* TabBarViewController.swift */; };
		47E92CC025DC4A2D00B77667 /* AppDelegate.swift in Sources */ = {isa = PBXBuildFile; fileRef = 47E92CBF25DC4A2D00B77667 /* AppDelegate.swift */; };
		47E92CC225DC4A2D00B77667 /* SceneDelegate.swift in Sources */ = {isa = PBXBuildFile; fileRef = 47E92CC125DC4A2D00B77667 /* SceneDelegate.swift */; };
		47E92CC725DC4A2D00B77667 /* Main.storyboard in Resources */ = {isa = PBXBuildFile; fileRef = 47E92CC525DC4A2D00B77667 /* Main.storyboard */; };
		47E92CC925DC4A3000B77667 /* Assets.xcassets in Resources */ = {isa = PBXBuildFile; fileRef = 47E92CC825DC4A3000B77667 /* Assets.xcassets */; };
		47E92CCC25DC4A3000B77667 /* LaunchScreen.storyboard in Resources */ = {isa = PBXBuildFile; fileRef = 47E92CCA25DC4A3000B77667 /* LaunchScreen.storyboard */; };
		47E92CD625DC4A8F00B77667 /* Person.swift in Sources */ = {isa = PBXBuildFile; fileRef = 47E92CD525DC4A8F00B77667 /* Person.swift */; };
		47E92CDA25DC4B4E00B77667 /* DataManager.swift in Sources */ = {isa = PBXBuildFile; fileRef = 47E92CD925DC4B4E00B77667 /* DataManager.swift */; };
		47E92CDE25DC750F00B77667 /* ContactsViewController.swift in Sources */ = {isa = PBXBuildFile; fileRef = 47E92CDD25DC750F00B77667 /* ContactsViewController.swift */; };
/* End PBXBuildFile section */

/* Begin PBXFileReference section */
		47448BEA25DD7B0800352E53 /* DetailContactViewController.swift */ = {isa = PBXFileReference; lastKnownFileType = sourcecode.swift; path = DetailContactViewController.swift; sourceTree = "<group>"; };
		47448BEE25DDAB7700352E53 /* ContactsGroupeTableViewController.swift */ = {isa = PBXFileReference; lastKnownFileType = sourcecode.swift; path = ContactsGroupeTableViewController.swift; sourceTree = "<group>"; };
		47448BF125DDB3D700352E53 /* TabBarViewController.swift */ = {isa = PBXFileReference; lastKnownFileType = sourcecode.swift; path = TabBarViewController.swift; sourceTree = "<group>"; };
		47E92CBC25DC4A2D00B77667 /* lesson7.app */ = {isa = PBXFileReference; explicitFileType = wrapper.application; includeInIndex = 0; path = lesson7.app; sourceTree = BUILT_PRODUCTS_DIR; };
		47E92CBF25DC4A2D00B77667 /* AppDelegate.swift */ = {isa = PBXFileReference; lastKnownFileType = sourcecode.swift; path = AppDelegate.swift; sourceTree = "<group>"; };
		47E92CC125DC4A2D00B77667 /* SceneDelegate.swift */ = {isa = PBXFileReference; lastKnownFileType = sourcecode.swift; path = SceneDelegate.swift; sourceTree = "<group>"; };
		47E92CC625DC4A2D00B77667 /* Base */ = {isa = PBXFileReference; lastKnownFileType = file.storyboard; name = Base; path = Base.lproj/Main.storyboard; sourceTree = "<group>"; };
		47E92CC825DC4A3000B77667 /* Assets.xcassets */ = {isa = PBXFileReference; lastKnownFileType = folder.assetcatalog; path = Assets.xcassets; sourceTree = "<group>"; };
		47E92CCB25DC4A3000B77667 /* Base */ = {isa = PBXFileReference; lastKnownFileType = file.storyboard; name = Base; path = Base.lproj/LaunchScreen.storyboard; sourceTree = "<group>"; };
		47E92CCD25DC4A3000B77667 /* Info.plist */ = {isa = PBXFileReference; lastKnownFileType = text.plist.xml; path = Info.plist; sourceTree = "<group>"; };
		47E92CD525DC4A8F00B77667 /* Person.swift */ = {isa = PBXFileReference; lastKnownFileType = sourcecode.swift; path = Person.swift; sourceTree = "<group>"; };
		47E92CD925DC4B4E00B77667 /* DataManager.swift */ = {isa = PBXFileReference; lastKnownFileType = sourcecode.swift; path = DataManager.swift; sourceTree = "<group>"; };
		47E92CDD25DC750F00B77667 /* ContactsViewController.swift */ = {isa = PBXFileReference; lastKnownFileType = sourcecode.swift; path = ContactsViewController.swift; sourceTree = "<group>"; };
/* End PBXFileReference section */

/* Begin PBXFrameworksBuildPhase section */
		47E92CB925DC4A2D00B77667 /* Frameworks */ = {
			isa = PBXFrameworksBuildPhase;
			buildActionMask = 2147483647;
			files = (
			);
			runOnlyForDeploymentPostprocessing = 0;
		};
/* End PBXFrameworksBuildPhase section */

/* Begin PBXGroup section */
		47E92CB325DC4A2D00B77667 = {
			isa = PBXGroup;
			children = (
				47E92CBE25DC4A2D00B77667 /* lesson7 */,
				47E92CBD25DC4A2D00B77667 /* Products */,
			);
			sourceTree = "<group>";
		};
		47E92CBD25DC4A2D00B77667 /* Products */ = {
			isa = PBXGroup;
			children = (
				47E92CBC25DC4A2D00B77667 /* lesson7.app */,
			);
			name = Products;
			sourceTree = "<group>";
		};
		47E92CBE25DC4A2D00B77667 /* lesson7 */ = {
			isa = PBXGroup;
			children = (
				47E92CBF25DC4A2D00B77667 /* AppDelegate.swift */,
				47E92CD525DC4A8F00B77667 /* Person.swift */,
				47448BF125DDB3D700352E53 /* TabBarViewController.swift */,
				47E92CD925DC4B4E00B77667 /* DataManager.swift */,
				47E92CDD25DC750F00B77667 /* ContactsViewController.swift */,
				47448BEA25DD7B0800352E53 /* DetailContactViewController.swift */,
				47448BEE25DDAB7700352E53 /* ContactsGroupeTableViewController.swift */,
				47E92CC125DC4A2D00B77667 /* SceneDelegate.swift */,
				47E92CC525DC4A2D00B77667 /* Main.storyboard */,
				47E92CC825DC4A3000B77667 /* Assets.xcassets */,
				47E92CCA25DC4A3000B77667 /* LaunchScreen.storyboard */,
				47E92CCD25DC4A3000B77667 /* Info.plist */,
			);
			path = lesson7;
			sourceTree = "<group>";
		};
/* End PBXGroup section */

/* Begin PBXNativeTarget section */
		47E92CBB25DC4A2D00B77667 /* lesson7 */ = {
			isa = PBXNativeTarget;
			buildConfigurationList = 47E92CD025DC4A3100B77667 /* Build configuration list for PBXNativeTarget "lesson7" */;
			buildPhases = (
				47E92CB825DC4A2D00B77667 /* Sources */,
				47E92CB925DC4A2D00B77667 /* Frameworks */,
				47E92CBA25DC4A2D00B77667 /* Resources */,
			);
			buildRules = (
			);
			dependencies = (
			);
			name = lesson7;
			productName = lesson7;
			productReference = 47E92CBC25DC4A2D00B77667 /* lesson7.app */;
			productType = "com.apple.product-type.application";
		};
/* End PBXNativeTarget section */

/* Begin PBXProject section */
		47E92CB425DC4A2D00B77667 /* Project object */ = {
			isa = PBXProject;
			attributes = {
				LastSwiftUpdateCheck = 1240;
				LastUpgradeCheck = 1240;
				TargetAttributes = {
					47E92CBB25DC4A2D00B77667 = {
						CreatedOnToolsVersion = 12.4;
					};
				};
			};
			buildConfigurationList = 47E92CB725DC4A2D00B77667 /* Build configuration list for PBXProject "lesson7" */;
			compatibilityVersion = "Xcode 9.3";
			developmentRegion = en;
			hasScannedForEncodings = 0;
			knownRegions = (
				en,
				Base,
			);
			mainGroup = 47E92CB325DC4A2D00B77667;
			productRefGroup = 47E92CBD25DC4A2D00B77667 /* Products */;
			projectDirPath = "";
			projectRoot = "";
			targets = (
				47E92CBB25DC4A2D00B77667 /* lesson7 */,
			);
		};
/* End PBXProject section */

/* Begin PBXResourcesBuildPhase section */
		47E92CBA25DC4A2D00B77667 /* Resources */ = {
			isa = PBXResourcesBuildPhase;
			buildActionMask = 2147483647;
			files = (
				47E92CCC25DC4A3000B77667 /* LaunchScreen.storyboard in Resources */,
				47E92CC925DC4A3000B77667 /* Assets.xcassets in Resources */,
				47E92CC725DC4A2D00B77667 /* Main.storyboard in Resources */,
			);
			runOnlyForDeploymentPostprocessing = 0;
		};
/* End PBXResourcesBuildPhase section */

/* Begin PBXSourcesBuildPhase section */
		47E92CB825DC4A2D00B77667 /* Sources */ = {
			isa = PBXSourcesBuildPhase;
			buildActionMask = 2147483647;
			files = (
				47448BF225DDB3D700352E53 /* TabBarViewController.swift in Sources */,
				47E92CDA25DC4B4E00B77667 /* DataManager.swift in Sources */,
				47E92CC025DC4A2D00B77667 /* AppDelegate.swift in Sources */,
				47E92CD625DC4A8F00B77667 /* Person.swift in Sources */,
				47E92CC225DC4A2D00B77667 /* SceneDelegate.swift in Sources */,
				47448BEF25DDAB7700352E53 /* ContactsGroupeTableViewController.swift in Sources */,
				47448BEB25DD7B0800352E53 /* DetailContactViewController.swift in Sources */,
				47E92CDE25DC750F00B77667 /* ContactsViewController.swift in Sources */,
			);
			runOnlyForDeploymentPostprocessing = 0;
		};
/* End PBXSourcesBuildPhase section */

/* Begin PBXVariantGroup section */
		47E92CC525DC4A2D00B77667 /* Main.storyboard */ = {
			isa = PBXVariantGroup;
			children = (
				47E92CC625DC4A2D00B77667 /* Base */,
			);
			name = Main.storyboard;
			sourceTree = "<group>";
		};
		47E92CCA25DC4A3000B77667 /* LaunchScreen.storyboard */ = {
			isa = PBXVariantGroup;
			children = (
				47E92CCB25DC4A3000B77667 /* Base */,
			);
			name = LaunchScreen.storyboard;
			sourceTree = "<group>";
		};
/* End PBXVariantGroup section */

/* Begin XCBuildConfiguration section */
		47E92CCE25DC4A3100B77667 /* Debug */ = {
			isa = XCBuildConfiguration;
			buildSettings = {
				ALWAYS_SEARCH_USER_PATHS = NO;
				CLANG_ANALYZER_NONNULL = YES;
				CLANG_ANALYZER_NUMBER_OBJECT_CONVERSION = YES_AGGRESSIVE;
				CLANG_CXX_LANGUAGE_STANDARD = "gnu++14";
				CLANG_CXX_LIBRARY = "libc++";
				CLANG_ENABLE_MODULES = YES;
				CLANG_ENABLE_OBJC_ARC = YES;
				CLANG_ENABLE_OBJC_WEAK = YES;
				CLANG_WARN_BLOCK_CAPTURE_AUTORELEASING = YES;
				CLANG_WARN_BOOL_CONVERSION = YES;
				CLANG_WARN_COMMA = YES;
				CLANG_WARN_CONSTANT_CONVERSION = YES;
				CLANG_WARN_DEPRECATED_OBJC_IMPLEMENTATIONS = YES;
				CLANG_WARN_DIRECT_OBJC_ISA_USAGE = YES_ERROR;
				CLANG_WARN_DOCUMENTATION_COMMENTS = YES;
				CLANG_WARN_EMPTY_BODY = YES;
				CLANG_WARN_ENUM_CONVERSION = YES;
				CLANG_WARN_INFINITE_RECURSION = YES;
				CLANG_WARN_INT_CONVERSION = YES;
				CLANG_WARN_NON_LITERAL_NULL_CONVERSION = YES;
				CLANG_WARN_OBJC_IMPLICIT_RETAIN_SELF = YES;
				CLANG_WARN_OBJC_LITERAL_CONVERSION = YES;
				CLANG_WARN_OBJC_ROOT_CLASS = YES_ERROR;
				CLANG_WARN_QUOTED_INCLUDE_IN_FRAMEWORK_HEADER = YES;
				CLANG_WARN_RANGE_LOOP_ANALYSIS = YES;
				CLANG_WARN_STRICT_PROTOTYPES = YES;
				CLANG_WARN_SUSPICIOUS_MOVE = YES;
				CLANG_WARN_UNGUARDED_AVAILABILITY = YES_AGGRESSIVE;
				CLANG_WARN_UNREACHABLE_CODE = YES;
				CLANG_WARN__DUPLICATE_METHOD_MATCH = YES;
				COPY_PHASE_STRIP = NO;
				DEBUG_INFORMATION_FORMAT = dwarf;
				ENABLE_STRICT_OBJC_MSGSEND = YES;
				ENABLE_TESTABILITY = YES;
				GCC_C_LANGUAGE_STANDARD = gnu11;
				GCC_DYNAMIC_NO_PIC = NO;
				GCC_NO_COMMON_BLOCKS = YES;
				GCC_OPTIMIZATION_LEVEL = 0;
				GCC_PREPROCESSOR_DEFINITIONS = (
					"DEBUG=1",
					"$(inherited)",
				);
				GCC_WARN_64_TO_32_BIT_CONVERSION = YES;
				GCC_WARN_ABOUT_RETURN_TYPE = YES_ERROR;
				GCC_WARN_UNDECLARED_SELECTOR = YES;
				GCC_WARN_UNINITIALIZED_AUTOS = YES_AGGRESSIVE;
				GCC_WARN_UNUSED_FUNCTION = YES;
				GCC_WARN_UNUSED_VARIABLE = YES;
				IPHONEOS_DEPLOYMENT_TARGET = 14.4;
				MTL_ENABLE_DEBUG_INFO = INCLUDE_SOURCE;
				MTL_FAST_MATH = YES;
				ONLY_ACTIVE_ARCH = YES;
				SDKROOT = iphoneos;
				SWIFT_ACTIVE_COMPILATION_CONDITIONS = DEBUG;
				SWIFT_OPTIMIZATION_LEVEL = "-Onone";
			};
			name = Debug;
		};
		47E92CCF25DC4A3100B77667 /* Release */ = {
			isa = XCBuildConfiguration;
			buildSettings = {
				ALWAYS_SEARCH_USER_PATHS = NO;
				CLANG_ANALYZER_NONNULL = YES;
				CLANG_ANALYZER_NUMBER_OBJECT_CONVERSION = YES_AGGRESSIVE;
				CLANG_CXX_LANGUAGE_STANDARD = "gnu++14";
				CLANG_CXX_LIBRARY = "libc++";
				CLANG_ENABLE_MODULES = YES;
				CLANG_ENABLE_OBJC_ARC = YES;
				CLANG_ENABLE_OBJC_WEAK = YES;
				CLANG_WARN_BLOCK_CAPTURE_AUTORELEASING = YES;
				CLANG_WARN_BOOL_CONVERSION = YES;
				CLANG_WARN_COMMA = YES;
				CLANG_WARN_CONSTANT_CONVERSION = YES;
				CLANG_WARN_DEPRECATED_OBJC_IMPLEMENTATIONS = YES;
				CLANG_WARN_DIRECT_OBJC_ISA_USAGE = YES_ERROR;
				CLANG_WARN_DOCUMENTATION_COMMENTS = YES;
				CLANG_WARN_EMPTY_BODY = YES;
				CLANG_WARN_ENUM_CONVERSION = YES;
				CLANG_WARN_INFINITE_RECURSION = YES;
				CLANG_WARN_INT_CONVERSION = YES;
				CLANG_WARN_NON_LITERAL_NULL_CONVERSION = YES;
				CLANG_WARN_OBJC_IMPLICIT_RETAIN_SELF = YES;
				CLANG_WARN_OBJC_LITERAL_CONVERSION = YES;
				CLANG_WARN_OBJC_ROOT_CLASS = YES_ERROR;
				CLANG_WARN_QUOTED_INCLUDE_IN_FRAMEWORK_HEADER = YES;
				CLANG_WARN_RANGE_LOOP_ANALYSIS = YES;
				CLANG_WARN_STRICT_PROTOTYPES = YES;
				CLANG_WARN_SUSPICIOUS_MOVE = YES;
				CLANG_WARN_UNGUARDED_AVAILABILITY = YES_AGGRESSIVE;
				CLANG_WARN_UNREACHABLE_CODE = YES;
				CLANG_WARN__DUPLICATE_METHOD_MATCH = YES;
				COPY_PHASE_STRIP = NO;
				DEBUG_INFORMATION_FORMAT = "dwarf-with-dsym";
				ENABLE_NS_ASSERTIONS = NO;
				ENABLE_STRICT_OBJC_MSGSEND = YES;
				GCC_C_LANGUAGE_STANDARD = gnu11;
				GCC_NO_COMMON_BLOCKS = YES;
				GCC_WARN_64_TO_32_BIT_CONVERSION = YES;
				GCC_WARN_ABOUT_RETURN_TYPE = YES_ERROR;
				GCC_WARN_UNDECLARED_SELECTOR = YES;
				GCC_WARN_UNINITIALIZED_AUTOS = YES_AGGRESSIVE;
				GCC_WARN_UNUSED_FUNCTION = YES;
				GCC_WARN_UNUSED_VARIABLE = YES;
				IPHONEOS_DEPLOYMENT_TARGET = 14.4;
				MTL_ENABLE_DEBUG_INFO = NO;
				MTL_FAST_MATH = YES;
				SDKROOT = iphoneos;
				SWIFT_COMPILATION_MODE = wholemodule;
				SWIFT_OPTIMIZATION_LEVEL = "-O";
				VALIDATE_PRODUCT = YES;
			};
			name = Release;
		};
		47E92CD125DC4A3100B77667 /* Debug */ = {
			isa = XCBuildConfiguration;
			buildSettings = {
				ASSETCATALOG_COMPILER_APPICON_NAME = AppIcon;
				ASSETCATALOG_COMPILER_GLOBAL_ACCENT_COLOR_NAME = AccentColor;
				CODE_SIGN_STYLE = Automatic;
				DEVELOPMENT_TEAM = 7Z7RZ3K386;
				INFOPLIST_FILE = lesson7/Info.plist;
				LD_RUNPATH_SEARCH_PATHS = (
					"$(inherited)",
					"@executable_path/Frameworks",
				);
				PRODUCT_BUNDLE_IDENTIFIER = Lesson7.lesson7;
				PRODUCT_NAME = "$(TARGET_NAME)";
				SWIFT_VERSION = 5.0;
				TARGETED_DEVICE_FAMILY = 1;
			};
			name = Debug;
		};
		47E92CD225DC4A3100B77667 /* Release */ = {
			isa = XCBuildConfiguration;
			buildSettings = {
				ASSETCATALOG_COMPILER_APPICON_NAME = AppIcon;
				ASSETCATALOG_COMPILER_GLOBAL_ACCENT_COLOR_NAME = AccentColor;
				CODE_SIGN_STYLE = Automatic;
				DEVELOPMENT_TEAM = 7Z7RZ3K386;
				INFOPLIST_FILE = lesson7/Info.plist;
				LD_RUNPATH_SEARCH_PATHS = (
					"$(inherited)",
					"@executable_path/Frameworks",
				);
				PRODUCT_BUNDLE_IDENTIFIER = Lesson7.lesson7;
				PRODUCT_NAME = "$(TARGET_NAME)";
				SWIFT_VERSION = 5.0;
				TARGETED_DEVICE_FAMILY = 1;
			};
			name = Release;
		};
/* End XCBuildConfiguration section */

/* Begin XCConfigurationList section */
		47E92CB725DC4A2D00B77667 /* Build configuration list for PBXProject "lesson7" */ = {
			isa = XCConfigurationList;
			buildConfigurations = (
				47E92CCE25DC4A3100B77667 /* Debug */,
				47E92CCF25DC4A3100B77667 /* Release */,
			);
			defaultConfigurationIsVisible = 0;
			defaultConfigurationName = Release;
		};
		47E92CD025DC4A3100B77667 /* Build configuration list for PBXNativeTarget "lesson7" */ = {
			isa = XCConfigurationList;
			buildConfigurations = (
				47E92CD125DC4A3100B77667 /* Debug */,
				47E92CD225DC4A3100B77667 /* Release */,
			);
			defaultConfigurationIsVisible = 0;
			defaultConfigurationName = Release;
		};
/* End XCConfigurationList section */
	};
	rootObject = 47E92CB425DC4A2D00B77667 /* Project object */;
}
